{
  "requires": true,
  "lockfileVersion": 1,
  "dependencies": {
    "emoji-datasource-twitter": {
      "version": "6.0.0",
      "resolved": "https://registry.npmjs.org/emoji-datasource-twitter/-/emoji-datasource-twitter-6.0.0.tgz",
      "integrity": "sha512-b9jckv3M7Rs11dRiNqg5LBVGUAjp3RSKHWA3clvaYQtPwaTlCiHgH5biBJIBy7VJkThFcS/GiS53t48h/UJl5g=="
    }
  }
}
